{
  "name": "platform-e2e",
  "version": "1.0.0",
  "lockfileVersion": 1,
  "requires": true,
  "dependencies": {
    "@platform-os/testcafe-helpers": {
      "version": "2.2.0",
      "resolved": "https://registry.npmjs.org/@platform-os/testcafe-helpers/-/testcafe-helpers-2.2.0.tgz",
      "integrity": "sha512-ofpIy3f4GHQ2BCGlOH5pudfaI2chZUx6SLzTlELWZpe2kKQemGAnajkiOcEEzrVxgUVcAE6H83f0j7pfhqslsw==",
      "dev": true
    },
    "faker": {
      "version": "4.1.0",
      "resolved": "https://registry.npmjs.org/faker/-/faker-4.1.0.tgz",
      "integrity": "sha1-HkW7vsxndLPBlfrSg1EJxtdIzD8=",
      "dev": true
    }
  }
}
